// !$*UTF8*$!
{
	archiveVersion = 1;
	classes = {
	};
	objectVersion = 55;
	objects = {

/* Begin PBXBuildFile section */
		49CD996326F4F70A0063EFD0 /* Session.swift in Sources */ = {isa = PBXBuildFile; fileRef = 49CD996226F4F70A0063EFD0 /* Session.swift */; };
		49CD996526F4F71E0063EFD0 /* Magic8Ball.swift in Sources */ = {isa = PBXBuildFile; fileRef = 49CD996426F4F71E0063EFD0 /* Magic8Ball.swift */; };
		49CD996726F4F72A0063EFD0 /* AdviceViewModel.swift in Sources */ = {isa = PBXBuildFile; fileRef = 49CD996626F4F72A0063EFD0 /* AdviceViewModel.swift */; };
		49CD996E26F90F140063EFD0 /* MainMenu.swift in Sources */ = {isa = PBXBuildFile; fileRef = 49CD996D26F90F140063EFD0 /* MainMenu.swift */; };
		49CD997026F90F470063EFD0 /* GetInput.swift in Sources */ = {isa = PBXBuildFile; fileRef = 49CD996F26F90F470063EFD0 /* GetInput.swift */; };
		49CD997226F90F830063EFD0 /* AnswerMenu.swift in Sources */ = {isa = PBXBuildFile; fileRef = 49CD997126F90F830063EFD0 /* AnswerMenu.swift */; };
		49CD997526F914850063EFD0 /* EightBall.swift in Sources */ = {isa = PBXBuildFile; fileRef = 49CD997426F914850063EFD0 /* EightBall.swift */; };
		49CD997A26FA91B10063EFD0 /* BallText.swift in Sources */ = {isa = PBXBuildFile; fileRef = 49CD997926FA91B10063EFD0 /* BallText.swift */; };
		49CD997F26FAA12B0063EFD0 /* HistoryLog.swift in Sources */ = {isa = PBXBuildFile; fileRef = 49CD997E26FAA12B0063EFD0 /* HistoryLog.swift */; };
		49D528E026F42D5500BD672A /* Magic8BallApp.swift in Sources */ = {isa = PBXBuildFile; fileRef = 49D528DF26F42D5500BD672A /* Magic8BallApp.swift */; };
		49D528E426F42D5600BD672A /* Assets.xcassets in Resources */ = {isa = PBXBuildFile; fileRef = 49D528E326F42D5600BD672A /* Assets.xcassets */; };
		49D528E726F42D5600BD672A /* Preview Assets.xcassets in Resources */ = {isa = PBXBuildFile; fileRef = 49D528E626F42D5600BD672A /* Preview Assets.xcassets */; };
		49D528F126F42D5600BD672A /* Magic8BallTests.swift in Sources */ = {isa = PBXBuildFile; fileRef = 49D528F026F42D5600BD672A /* Magic8BallTests.swift */; };
		49D528FB26F42D5600BD672A /* Magic8BallUITests.swift in Sources */ = {isa = PBXBuildFile; fileRef = 49D528FA26F42D5600BD672A /* Magic8BallUITests.swift */; };
		49D528FD26F42D5600BD672A /* Magic8BallUITestsLaunchTests.swift in Sources */ = {isa = PBXBuildFile; fileRef = 49D528FC26F42D5600BD672A /* Magic8BallUITestsLaunchTests.swift */; };
/* End PBXBuildFile section */

/* Begin PBXContainerItemProxy section */
		49D528ED26F42D5600BD672A /* PBXContainerItemProxy */ = {
			isa = PBXContainerItemProxy;
			containerPortal = 49D528D426F42D5500BD672A /* Project object */;
			proxyType = 1;
			remoteGlobalIDString = 49D528DB26F42D5500BD672A;
			remoteInfo = Magic8Ball;
		};
		49D528F726F42D5600BD672A /* PBXContainerItemProxy */ = {
			isa = PBXContainerItemProxy;
			containerPortal = 49D528D426F42D5500BD672A /* Project object */;
			proxyType = 1;
			remoteGlobalIDString = 49D528DB26F42D5500BD672A;
			remoteInfo = Magic8Ball;
		};
/* End PBXContainerItemProxy section */

/* Begin PBXFileReference section */
		49CD996226F4F70A0063EFD0 /* Session.swift */ = {isa = PBXFileReference; lastKnownFileType = sourcecode.swift; path = Session.swift; sourceTree = "<group>"; };
		49CD996426F4F71E0063EFD0 /* Magic8Ball.swift */ = {isa = PBXFileReference; lastKnownFileType = sourcecode.swift; path = Magic8Ball.swift; sourceTree = "<group>"; };
		49CD996626F4F72A0063EFD0 /* AdviceViewModel.swift */ = {isa = PBXFileReference; lastKnownFileType = sourcecode.swift; path = AdviceViewModel.swift; sourceTree = "<group>"; };
		49CD996D26F90F140063EFD0 /* MainMenu.swift */ = {isa = PBXFileReference; lastKnownFileType = sourcecode.swift; path = MainMenu.swift; sourceTree = "<group>"; };
		49CD996F26F90F470063EFD0 /* GetInput.swift */ = {isa = PBXFileReference; lastKnownFileType = sourcecode.swift; path = GetInput.swift; sourceTree = "<group>"; };
		49CD997126F90F830063EFD0 /* AnswerMenu.swift */ = {isa = PBXFileReference; lastKnownFileType = sourcecode.swift; path = AnswerMenu.swift; sourceTree = "<group>"; };
		49CD997426F914850063EFD0 /* EightBall.swift */ = {isa = PBXFileReference; lastKnownFileType = sourcecode.swift; path = EightBall.swift; sourceTree = "<group>"; };
		49CD997926FA91B10063EFD0 /* BallText.swift */ = {isa = PBXFileReference; lastKnownFileType = sourcecode.swift; path = BallText.swift; sourceTree = "<group>"; };
		49CD997E26FAA12B0063EFD0 /* HistoryLog.swift */ = {isa = PBXFileReference; lastKnownFileType = sourcecode.swift; path = HistoryLog.swift; sourceTree = "<group>"; };
		49D528DC26F42D5500BD672A /* Magic8Ball.app */ = {isa = PBXFileReference; explicitFileType = wrapper.application; includeInIndex = 0; path = Magic8Ball.app; sourceTree = BUILT_PRODUCTS_DIR; };
		49D528DF26F42D5500BD672A /* Magic8BallApp.swift */ = {isa = PBXFileReference; lastKnownFileType = sourcecode.swift; path = Magic8BallApp.swift; sourceTree = "<group>"; };
		49D528E326F42D5600BD672A /* Assets.xcassets */ = {isa = PBXFileReference; lastKnownFileType = folder.assetcatalog; path = Assets.xcassets; sourceTree = "<group>"; };
		49D528E626F42D5600BD672A /* Preview Assets.xcassets */ = {isa = PBXFileReference; lastKnownFileType = folder.assetcatalog; path = "Preview Assets.xcassets"; sourceTree = "<group>"; };
		49D528EC26F42D5600BD672A /* Magic8BallTests.xctest */ = {isa = PBXFileReference; explicitFileType = wrapper.cfbundle; includeInIndex = 0; path = Magic8BallTests.xctest; sourceTree = BUILT_PRODUCTS_DIR; };
		49D528F026F42D5600BD672A /* Magic8BallTests.swift */ = {isa = PBXFileReference; lastKnownFileType = sourcecode.swift; path = Magic8BallTests.swift; sourceTree = "<group>"; };
		49D528F626F42D5600BD672A /* Magic8BallUITests.xctest */ = {isa = PBXFileReference; explicitFileType = wrapper.cfbundle; includeInIndex = 0; path = Magic8BallUITests.xctest; sourceTree = BUILT_PRODUCTS_DIR; };
		49D528FA26F42D5600BD672A /* Magic8BallUITests.swift */ = {isa = PBXFileReference; lastKnownFileType = sourcecode.swift; path = Magic8BallUITests.swift; sourceTree = "<group>"; };
		49D528FC26F42D5600BD672A /* Magic8BallUITestsLaunchTests.swift */ = {isa = PBXFileReference; lastKnownFileType = sourcecode.swift; path = Magic8BallUITestsLaunchTests.swift; sourceTree = "<group>"; };
/* End PBXFileReference section */

/* Begin PBXFrameworksBuildPhase section */
		49D528D926F42D5500BD672A /* Frameworks */ = {
			isa = PBXFrameworksBuildPhase;
			buildActionMask = 2147483647;
			files = (
			);
			runOnlyForDeploymentPostprocessing = 0;
		};
		49D528E926F42D5600BD672A /* Frameworks */ = {
			isa = PBXFrameworksBuildPhase;
			buildActionMask = 2147483647;
			files = (
			);
			runOnlyForDeploymentPostprocessing = 0;
		};
		49D528F326F42D5600BD672A /* Frameworks */ = {
			isa = PBXFrameworksBuildPhase;
			buildActionMask = 2147483647;
			files = (
			);
			runOnlyForDeploymentPostprocessing = 0;
		};
/* End PBXFrameworksBuildPhase section */

/* Begin PBXGroup section */
		49CD996926F7A20F0063EFD0 /* Model */ = {
			isa = PBXGroup;
			children = (
				49CD996226F4F70A0063EFD0 /* Session.swift */,
				49CD996426F4F71E0063EFD0 /* Magic8Ball.swift */,
			);
			path = Model;
			sourceTree = "<group>";
		};
		49CD996B26F7A2240063EFD0 /* ViewModel */ = {
			isa = PBXGroup;
			children = (
				49CD996626F4F72A0063EFD0 /* AdviceViewModel.swift */,
			);
			path = ViewModel;
			sourceTree = "<group>";
		};
		49CD996C26F7A2320063EFD0 /* View */ = {
			isa = PBXGroup;
			children = (
				49CD997326F914690063EFD0 /* Components */,
				49CD996D26F90F140063EFD0 /* MainMenu.swift */,
				49CD996F26F90F470063EFD0 /* GetInput.swift */,
				49CD997126F90F830063EFD0 /* AnswerMenu.swift */,
				49CD997E26FAA12B0063EFD0 /* HistoryLog.swift */,
			);
			path = View;
			sourceTree = "<group>";
		};
		49CD997326F914690063EFD0 /* Components */ = {
			isa = PBXGroup;
			children = (
				49CD997426F914850063EFD0 /* EightBall.swift */,
				49CD997926FA91B10063EFD0 /* BallText.swift */,
			);
			path = Components;
			sourceTree = "<group>";
		};
		49D528D326F42D5500BD672A = {
			isa = PBXGroup;
			children = (
				49D528DE26F42D5500BD672A /* Magic8Ball */,
				49D528EF26F42D5600BD672A /* Magic8BallTests */,
				49D528F926F42D5600BD672A /* Magic8BallUITests */,
				49D528DD26F42D5500BD672A /* Products */,
			);
			sourceTree = "<group>";
		};
		49D528DD26F42D5500BD672A /* Products */ = {
			isa = PBXGroup;
			children = (
				49D528DC26F42D5500BD672A /* Magic8Ball.app */,
				49D528EC26F42D5600BD672A /* Magic8BallTests.xctest */,
				49D528F626F42D5600BD672A /* Magic8BallUITests.xctest */,
			);
			name = Products;
			sourceTree = "<group>";
		};
		49D528DE26F42D5500BD672A /* Magic8Ball */ = {
			isa = PBXGroup;
			children = (
				49D528E326F42D5600BD672A /* Assets.xcassets */,
				49D528DF26F42D5500BD672A /* Magic8BallApp.swift */,
				49CD996926F7A20F0063EFD0 /* Model */,
				49CD996C26F7A2320063EFD0 /* View */,
				49CD996B26F7A2240063EFD0 /* ViewModel */,
				49D528E526F42D5600BD672A /* Preview Content */,
			);
			path = Magic8Ball;
			sourceTree = "<group>";
		};
		49D528E526F42D5600BD672A /* Preview Content */ = {
			isa = PBXGroup;
			children = (
				49D528E626F42D5600BD672A /* Preview Assets.xcassets */,
			);
			path = "Preview Content";
			sourceTree = "<group>";
		};
		49D528EF26F42D5600BD672A /* Magic8BallTests */ = {
			isa = PBXGroup;
			children = (
				49D528F026F42D5600BD672A /* Magic8BallTests.swift */,
			);
			path = Magic8BallTests;
			sourceTree = "<group>";
		};
		49D528F926F42D5600BD672A /* Magic8BallUITests */ = {
			isa = PBXGroup;
			children = (
				49D528FA26F42D5600BD672A /* Magic8BallUITests.swift */,
				49D528FC26F42D5600BD672A /* Magic8BallUITestsLaunchTests.swift */,
			);
			path = Magic8BallUITests;
			sourceTree = "<group>";
		};
/* End PBXGroup section */

/* Begin PBXNativeTarget section */
		49D528DB26F42D5500BD672A /* Magic8Ball */ = {
			isa = PBXNativeTarget;
			buildConfigurationList = 49D5290026F42D5600BD672A /* Build configuration list for PBXNativeTarget "Magic8Ball" */;
			buildPhases = (
				49D528D826F42D5500BD672A /* Sources */,
				49D528D926F42D5500BD672A /* Frameworks */,
				49D528DA26F42D5500BD672A /* Resources */,
			);
			buildRules = (
			);
			dependencies = (
			);
			name = Magic8Ball;
			productName = Magic8Ball;
			productReference = 49D528DC26F42D5500BD672A /* Magic8Ball.app */;
			productType = "com.apple.product-type.application";
		};
		49D528EB26F42D5600BD672A /* Magic8BallTests */ = {
			isa = PBXNativeTarget;
			buildConfigurationList = 49D5290326F42D5600BD672A /* Build configuration list for PBXNativeTarget "Magic8BallTests" */;
			buildPhases = (
				49D528E826F42D5600BD672A /* Sources */,
				49D528E926F42D5600BD672A /* Frameworks */,
				49D528EA26F42D5600BD672A /* Resources */,
			);
			buildRules = (
			);
			dependencies = (
				49D528EE26F42D5600BD672A /* PBXTargetDependency */,
			);
			name = Magic8BallTests;
			productName = Magic8BallTests;
			productReference = 49D528EC26F42D5600BD672A /* Magic8BallTests.xctest */;
			productType = "com.apple.product-type.bundle.unit-test";
		};
		49D528F526F42D5600BD672A /* Magic8BallUITests */ = {
			isa = PBXNativeTarget;
			buildConfigurationList = 49D5290626F42D5600BD672A /* Build configuration list for PBXNativeTarget "Magic8BallUITests" */;
			buildPhases = (
				49D528F226F42D5600BD672A /* Sources */,
				49D528F326F42D5600BD672A /* Frameworks */,
				49D528F426F42D5600BD672A /* Resources */,
			);
			buildRules = (
			);
			dependencies = (
				49D528F826F42D5600BD672A /* PBXTargetDependency */,
			);
			name = Magic8BallUITests;
			productName = Magic8BallUITests;
			productReference = 49D528F626F42D5600BD672A /* Magic8BallUITests.xctest */;
			productType = "com.apple.product-type.bundle.ui-testing";
		};
/* End PBXNativeTarget section */

/* Begin PBXProject section */
		49D528D426F42D5500BD672A /* Project object */ = {
			isa = PBXProject;
			attributes = {
				BuildIndependentTargetsInParallel = 1;
				LastSwiftUpdateCheck = 1300;
				LastUpgradeCheck = 1300;
				TargetAttributes = {
					49D528DB26F42D5500BD672A = {
						CreatedOnToolsVersion = 13.0;
					};
					49D528EB26F42D5600BD672A = {
						CreatedOnToolsVersion = 13.0;
						TestTargetID = 49D528DB26F42D5500BD672A;
					};
					49D528F526F42D5600BD672A = {
						CreatedOnToolsVersion = 13.0;
						TestTargetID = 49D528DB26F42D5500BD672A;
					};
				};
			};
			buildConfigurationList = 49D528D726F42D5500BD672A /* Build configuration list for PBXProject "Magic8Ball" */;
			compatibilityVersion = "Xcode 13.0";
			developmentRegion = en;
			hasScannedForEncodings = 0;
			knownRegions = (
				en,
				Base,
			);
			mainGroup = 49D528D326F42D5500BD672A;
			productRefGroup = 49D528DD26F42D5500BD672A /* Products */;
			projectDirPath = "";
			projectRoot = "";
			targets = (
				49D528DB26F42D5500BD672A /* Magic8Ball */,
				49D528EB26F42D5600BD672A /* Magic8BallTests */,
				49D528F526F42D5600BD672A /* Magic8BallUITests */,
			);
		};
/* End PBXProject section */

/* Begin PBXResourcesBuildPhase section */
		49D528DA26F42D5500BD672A /* Resources */ = {
			isa = PBXResourcesBuildPhase;
			buildActionMask = 2147483647;
			files = (
				49D528E726F42D5600BD672A /* Preview Assets.xcassets in Resources */,
				49D528E426F42D5600BD672A /* Assets.xcassets in Resources */,
			);
			runOnlyForDeploymentPostprocessing = 0;
		};
		49D528EA26F42D5600BD672A /* Resources */ = {
			isa = PBXResourcesBuildPhase;
			buildActionMask = 2147483647;
			files = (
			);
			runOnlyForDeploymentPostprocessing = 0;
		};
		49D528F426F42D5600BD672A /* Resources */ = {
			isa = PBXResourcesBuildPhase;
			buildActionMask = 2147483647;
			files = (
			);
			runOnlyForDeploymentPostprocessing = 0;
		};
/* End PBXResourcesBuildPhase section */

/* Begin PBXSourcesBuildPhase section */
		49D528D826F42D5500BD672A /* Sources */ = {
			isa = PBXSourcesBuildPhase;
			buildActionMask = 2147483647;
			files = (
				49CD997526F914850063EFD0 /* EightBall.swift in Sources */,
				49CD997226F90F830063EFD0 /* AnswerMenu.swift in Sources */,
				49CD996326F4F70A0063EFD0 /* Session.swift in Sources */,
				49CD996E26F90F140063EFD0 /* MainMenu.swift in Sources */,
				49CD996726F4F72A0063EFD0 /* AdviceViewModel.swift in Sources */,
				49CD997026F90F470063EFD0 /* GetInput.swift in Sources */,
				49D528E026F42D5500BD672A /* Magic8BallApp.swift in Sources */,
				49CD997F26FAA12B0063EFD0 /* HistoryLog.swift in Sources */,
				49CD996526F4F71E0063EFD0 /* Magic8Ball.swift in Sources */,
				49CD997A26FA91B10063EFD0 /* BallText.swift in Sources */,
			);
			runOnlyForDeploymentPostprocessing = 0;
		};
		49D528E826F42D5600BD672A /* Sources */ = {
			isa = PBXSourcesBuildPhase;
			buildActionMask = 2147483647;
			files = (
				49D528F126F42D5600BD672A /* Magic8BallTests.swift in Sources */,
			);
			runOnlyForDeploymentPostprocessing = 0;
		};
		49D528F226F42D5600BD672A /* Sources */ = {
			isa = PBXSourcesBuildPhase;
			buildActionMask = 2147483647;
			files = (
				49D528FD26F42D5600BD672A /* Magic8BallUITestsLaunchTests.swift in Sources */,
				49D528FB26F42D5600BD672A /* Magic8BallUITests.swift in Sources */,
			);
			runOnlyForDeploymentPostprocessing = 0;
		};
/* End PBXSourcesBuildPhase section */

/* Begin PBXTargetDependency section */
		49D528EE26F42D5600BD672A /* PBXTargetDependency */ = {
			isa = PBXTargetDependency;
			target = 49D528DB26F42D5500BD672A /* Magic8Ball */;
			targetProxy = 49D528ED26F42D5600BD672A /* PBXContainerItemProxy */;
		};
		49D528F826F42D5600BD672A /* PBXTargetDependency */ = {
			isa = PBXTargetDependency;
			target = 49D528DB26F42D5500BD672A /* Magic8Ball */;
			targetProxy = 49D528F726F42D5600BD672A /* PBXContainerItemProxy */;
		};
/* End PBXTargetDependency section */

/* Begin XCBuildConfiguration section */
		49D528FE26F42D5600BD672A /* Debug */ = {
			isa = XCBuildConfiguration;
			buildSettings = {
				ALWAYS_SEARCH_USER_PATHS = NO;
				CLANG_ANALYZER_NONNULL = YES;
				CLANG_ANALYZER_NUMBER_OBJECT_CONVERSION = YES_AGGRESSIVE;
				CLANG_CXX_LANGUAGE_STANDARD = "gnu++17";
				CLANG_CXX_LIBRARY = "libc++";
				CLANG_ENABLE_MODULES = YES;
				CLANG_ENABLE_OBJC_ARC = YES;
				CLANG_ENABLE_OBJC_WEAK = YES;
				CLANG_WARN_BLOCK_CAPTURE_AUTORELEASING = YES;
				CLANG_WARN_BOOL_CONVERSION = YES;
				CLANG_WARN_COMMA = YES;
				CLANG_WARN_CONSTANT_CONVERSION = YES;
				CLANG_WARN_DEPRECATED_OBJC_IMPLEMENTATIONS = YES;
				CLANG_WARN_DIRECT_OBJC_ISA_USAGE = YES_ERROR;
				CLANG_WARN_DOCUMENTATION_COMMENTS = YES;
				CLANG_WARN_EMPTY_BODY = YES;
				CLANG_WARN_ENUM_CONVERSION = YES;
				CLANG_WARN_INFINITE_RECURSION = YES;
				CLANG_WARN_INT_CONVERSION = YES;
				CLANG_WARN_NON_LITERAL_NULL_CONVERSION = YES;
				CLANG_WARN_OBJC_IMPLICIT_RETAIN_SELF = YES;
				CLANG_WARN_OBJC_LITERAL_CONVERSION = YES;
				CLANG_WARN_OBJC_ROOT_CLASS = YES_ERROR;
				CLANG_WARN_QUOTED_INCLUDE_IN_FRAMEWORK_HEADER = YES;
				CLANG_WARN_RANGE_LOOP_ANALYSIS = YES;
				CLANG_WARN_STRICT_PROTOTYPES = YES;
				CLANG_WARN_SUSPICIOUS_MOVE = YES;
				CLANG_WARN_UNGUARDED_AVAILABILITY = YES_AGGRESSIVE;
				CLANG_WARN_UNREACHABLE_CODE = YES;
				CLANG_WARN__DUPLICATE_METHOD_MATCH = YES;
				COPY_PHASE_STRIP = NO;
				DEBUG_INFORMATION_FORMAT = dwarf;
				ENABLE_STRICT_OBJC_MSGSEND = YES;
				ENABLE_TESTABILITY = YES;
				GCC_C_LANGUAGE_STANDARD = gnu11;
				GCC_DYNAMIC_NO_PIC = NO;
				GCC_NO_COMMON_BLOCKS = YES;
				GCC_OPTIMIZATION_LEVEL = 0;
				GCC_PREPROCESSOR_DEFINITIONS = (
					"DEBUG=1",
					"$(inherited)",
				);
				GCC_WARN_64_TO_32_BIT_CONVERSION = YES;
				GCC_WARN_ABOUT_RETURN_TYPE = YES_ERROR;
				GCC_WARN_UNDECLARED_SELECTOR = YES;
				GCC_WARN_UNINITIALIZED_AUTOS = YES_AGGRESSIVE;
				GCC_WARN_UNUSED_FUNCTION = YES;
				GCC_WARN_UNUSED_VARIABLE = YES;
				IPHONEOS_DEPLOYMENT_TARGET = 15.0;
				MTL_ENABLE_DEBUG_INFO = INCLUDE_SOURCE;
				MTL_FAST_MATH = YES;
				ONLY_ACTIVE_ARCH = YES;
				SDKROOT = iphoneos;
				SWIFT_ACTIVE_COMPILATION_CONDITIONS = DEBUG;
				SWIFT_OPTIMIZATION_LEVEL = "-Onone";
			};
			name = Debug;
		};
		49D528FF26F42D5600BD672A /* Release */ = {
			isa = XCBuildConfiguration;
			buildSettings = {
				ALWAYS_SEARCH_USER_PATHS = NO;
				CLANG_ANALYZER_NONNULL = YES;
				CLANG_ANALYZER_NUMBER_OBJECT_CONVERSION = YES_AGGRESSIVE;
				CLANG_CXX_LANGUAGE_STANDARD = "gnu++17";
				CLANG_CXX_LIBRARY = "libc++";
				CLANG_ENABLE_MODULES = YES;
				CLANG_ENABLE_OBJC_ARC = YES;
				CLANG_ENABLE_OBJC_WEAK = YES;
				CLANG_WARN_BLOCK_CAPTURE_AUTORELEASING = YES;
				CLANG_WARN_BOOL_CONVERSION = YES;
				CLANG_WARN_COMMA = YES;
				CLANG_WARN_CONSTANT_CONVERSION = YES;
				CLANG_WARN_DEPRECATED_OBJC_IMPLEMENTATIONS = YES;
				CLANG_WARN_DIRECT_OBJC_ISA_USAGE = YES_ERROR;
				CLANG_WARN_DOCUMENTATION_COMMENTS = YES;
				CLANG_WARN_EMPTY_BODY = YES;
				CLANG_WARN_ENUM_CONVERSION = YES;
				CLANG_WARN_INFINITE_RECURSION = YES;
				CLANG_WARN_INT_CONVERSION = YES;
				CLANG_WARN_NON_LITERAL_NULL_CONVERSION = YES;
				CLANG_WARN_OBJC_IMPLICIT_RETAIN_SELF = YES;
				CLANG_WARN_OBJC_LITERAL_CONVERSION = YES;
				CLANG_WARN_OBJC_ROOT_CLASS = YES_ERROR;
				CLANG_WARN_QUOTED_INCLUDE_IN_FRAMEWORK_HEADER = YES;
				CLANG_WARN_RANGE_LOOP_ANALYSIS = YES;
				CLANG_WARN_STRICT_PROTOTYPES = YES;
				CLANG_WARN_SUSPICIOUS_MOVE = YES;
				CLANG_WARN_UNGUARDED_AVAILABILITY = YES_AGGRESSIVE;
				CLANG_WARN_UNREACHABLE_CODE = YES;
				CLANG_WARN__DUPLICATE_METHOD_MATCH = YES;
				COPY_PHASE_STRIP = NO;
				DEBUG_INFORMATION_FORMAT = "dwarf-with-dsym";
				ENABLE_NS_ASSERTIONS = NO;
				ENABLE_STRICT_OBJC_MSGSEND = YES;
				GCC_C_LANGUAGE_STANDARD = gnu11;
				GCC_NO_COMMON_BLOCKS = YES;
				GCC_WARN_64_TO_32_BIT_CONVERSION = YES;
				GCC_WARN_ABOUT_RETURN_TYPE = YES_ERROR;
				GCC_WARN_UNDECLARED_SELECTOR = YES;
				GCC_WARN_UNINITIALIZED_AUTOS = YES_AGGRESSIVE;
				GCC_WARN_UNUSED_FUNCTION = YES;
				GCC_WARN_UNUSED_VARIABLE = YES;
				IPHONEOS_DEPLOYMENT_TARGET = 15.0;
				MTL_ENABLE_DEBUG_INFO = NO;
				MTL_FAST_MATH = YES;
				SDKROOT = iphoneos;
				SWIFT_COMPILATION_MODE = wholemodule;
				SWIFT_OPTIMIZATION_LEVEL = "-O";
				VALIDATE_PRODUCT = YES;
			};
			name = Release;
		};
		49D5290126F42D5600BD672A /* Debug */ = {
			isa = XCBuildConfiguration;
			buildSettings = {
				ASSETCATALOG_COMPILER_APPICON_NAME = AppIcon;
				ASSETCATALOG_COMPILER_GLOBAL_ACCENT_COLOR_NAME = AccentColor;
				CODE_SIGN_STYLE = Automatic;
				CURRENT_PROJECT_VERSION = 1;
				DEVELOPMENT_ASSET_PATHS = "\"Magic8Ball/Preview Content\"";
				DEVELOPMENT_TEAM = 6WTD6KAA94;
				ENABLE_PREVIEWS = YES;
				GENERATE_INFOPLIST_FILE = YES;
				INFOPLIST_KEY_UIApplicationSceneManifest_Generation = YES;
				INFOPLIST_KEY_UIApplicationSupportsIndirectInputEvents = YES;
				INFOPLIST_KEY_UILaunchScreen_Generation = YES;
				INFOPLIST_KEY_UISupportedInterfaceOrientations_iPad = "UIInterfaceOrientationPortrait UIInterfaceOrientationPortraitUpsideDown UIInterfaceOrientationLandscapeLeft UIInterfaceOrientationLandscapeRight";
				INFOPLIST_KEY_UISupportedInterfaceOrientations_iPhone = "UIInterfaceOrientationPortrait UIInterfaceOrientationLandscapeLeft UIInterfaceOrientationLandscapeRight";
				IPHONEOS_DEPLOYMENT_TARGET = 14.0;
				LD_RUNPATH_SEARCH_PATHS = (
					"$(inherited)",
					"@executable_path/Frameworks",
				);
				MARKETING_VERSION = 1.0;
				PRODUCT_BUNDLE_IDENTIFIER = com.FarukEfeYencilek.Magic8Ball;
				PRODUCT_NAME = "$(TARGET_NAME)";
				SWIFT_EMIT_LOC_STRINGS = YES;
				SWIFT_VERSION = 5.0;
				TARGETED_DEVICE_FAMILY = "1,2";
			};
			name = Debug;
		};
		49D5290226F42D5600BD672A /* Release */ = {
			isa = XCBuildConfiguration;
			buildSettings = {
				ASSETCATALOG_COMPILER_APPICON_NAME = AppIcon;
				ASSETCATALOG_COMPILER_GLOBAL_ACCENT_COLOR_NAME = AccentColor;
				CODE_SIGN_STYLE = Automatic;
				CURRENT_PROJECT_VERSION = 1;
				DEVELOPMENT_ASSET_PATHS = "\"Magic8Ball/Preview Content\"";
				DEVELOPMENT_TEAM = 6WTD6KAA94;
				ENABLE_PREVIEWS = YES;
				GENERATE_INFOPLIST_FILE = YES;
				INFOPLIST_KEY_UIApplicationSceneManifest_Generation = YES;
				INFOPLIST_KEY_UIApplicationSupportsIndirectInputEvents = YES;
				INFOPLIST_KEY_UILaunchScreen_Generation = YES;
				INFOPLIST_KEY_UISupportedInterfaceOrientations_iPad = "UIInterfaceOrientationPortrait UIInterfaceOrientationPortraitUpsideDown UIInterfaceOrientationLandscapeLeft UIInterfaceOrientationLandscapeRight";
				INFOPLIST_KEY_UISupportedInterfaceOrientations_iPhone = "UIInterfaceOrientationPortrait UIInterfaceOrientationLandscapeLeft UIInterfaceOrientationLandscapeRight";
				IPHONEOS_DEPLOYMENT_TARGET = 14.0;
				LD_RUNPATH_SEARCH_PATHS = (
					"$(inherited)",
					"@executable_path/Frameworks",
				);
				MARKETING_VERSION = 1.0;
				PRODUCT_BUNDLE_IDENTIFIER = com.FarukEfeYencilek.Magic8Ball;
				PRODUCT_NAME = "$(TARGET_NAME)";
				SWIFT_EMIT_LOC_STRINGS = YES;
				SWIFT_VERSION = 5.0;
				TARGETED_DEVICE_FAMILY = "1,2";
			};
			name = Release;
		};
		49D5290426F42D5600BD672A /* Debug */ = {
			isa = XCBuildConfiguration;
			buildSettings = {
				ALWAYS_EMBED_SWIFT_STANDARD_LIBRARIES = YES;
				BUNDLE_LOADER = "$(TEST_HOST)";
				CODE_SIGN_STYLE = Automatic;
				CURRENT_PROJECT_VERSION = 1;
				DEVELOPMENT_TEAM = 6WTD6KAA94;
				GENERATE_INFOPLIST_FILE = YES;
				IPHONEOS_DEPLOYMENT_TARGET = 14.0;
				LD_RUNPATH_SEARCH_PATHS = (
					"$(inherited)",
					"@executable_path/Frameworks",
					"@loader_path/Frameworks",
				);
				MARKETING_VERSION = 1.0;
				PRODUCT_BUNDLE_IDENTIFIER = com.FarukEfeYencilek.Magic8BallTests;
				PRODUCT_NAME = "$(TARGET_NAME)";
				SWIFT_EMIT_LOC_STRINGS = NO;
				SWIFT_VERSION = 5.0;
				TARGETED_DEVICE_FAMILY = "1,2";
				TEST_HOST = "$(BUILT_PRODUCTS_DIR)/Magic8Ball.app/Magic8Ball";
			};
			name = Debug;
		};
		49D5290526F42D5600BD672A /* Release */ = {
			isa = XCBuildConfiguration;
			buildSettings = {
				ALWAYS_EMBED_SWIFT_STANDARD_LIBRARIES = YES;
				BUNDLE_LOADER = "$(TEST_HOST)";
				CODE_SIGN_STYLE = Automatic;
				CURRENT_PROJECT_VERSION = 1;
				DEVELOPMENT_TEAM = 6WTD6KAA94;
				GENERATE_INFOPLIST_FILE = YES;
				IPHONEOS_DEPLOYMENT_TARGET = 14.0;
				LD_RUNPATH_SEARCH_PATHS = (
					"$(inherited)",
					"@executable_path/Frameworks",
					"@loader_path/Frameworks",
				);
				MARKETING_VERSION = 1.0;
				PRODUCT_BUNDLE_IDENTIFIER = com.FarukEfeYencilek.Magic8BallTests;
				PRODUCT_NAME = "$(TARGET_NAME)";
				SWIFT_EMIT_LOC_STRINGS = NO;
				SWIFT_VERSION = 5.0;
				TARGETED_DEVICE_FAMILY = "1,2";
				TEST_HOST = "$(BUILT_PRODUCTS_DIR)/Magic8Ball.app/Magic8Ball";
			};
			name = Release;
		};
		49D5290726F42D5600BD672A /* Debug */ = {
			isa = XCBuildConfiguration;
			buildSettings = {
				ALWAYS_EMBED_SWIFT_STANDARD_LIBRARIES = YES;
				CODE_SIGN_STYLE = Automatic;
				CURRENT_PROJECT_VERSION = 1;
				DEVELOPMENT_TEAM = 6WTD6KAA94;
				GENERATE_INFOPLIST_FILE = YES;
				LD_RUNPATH_SEARCH_PATHS = (
					"$(inherited)",
					"@executable_path/Frameworks",
					"@loader_path/Frameworks",
				);
				MARKETING_VERSION = 1.0;
				PRODUCT_BUNDLE_IDENTIFIER = com.FarukEfeYencilek.Magic8BallUITests;
				PRODUCT_NAME = "$(TARGET_NAME)";
				SWIFT_EMIT_LOC_STRINGS = NO;
				SWIFT_VERSION = 5.0;
				TARGETED_DEVICE_FAMILY = "1,2";
				TEST_TARGET_NAME = Magic8Ball;
			};
			name = Debug;
		};
		49D5290826F42D5600BD672A /* Release */ = {
			isa = XCBuildConfiguration;
			buildSettings = {
				ALWAYS_EMBED_SWIFT_STANDARD_LIBRARIES = YES;
				CODE_SIGN_STYLE = Automatic;
				CURRENT_PROJECT_VERSION = 1;
				DEVELOPMENT_TEAM = 6WTD6KAA94;
				GENERATE_INFOPLIST_FILE = YES;
				LD_RUNPATH_SEARCH_PATHS = (
					"$(inherited)",
					"@executable_path/Frameworks",
					"@loader_path/Frameworks",
				);
				MARKETING_VERSION = 1.0;
				PRODUCT_BUNDLE_IDENTIFIER = com.FarukEfeYencilek.Magic8BallUITests;
				PRODUCT_NAME = "$(TARGET_NAME)";
				SWIFT_EMIT_LOC_STRINGS = NO;
				SWIFT_VERSION = 5.0;
				TARGETED_DEVICE_FAMILY = "1,2";
				TEST_TARGET_NAME = Magic8Ball;
			};
			name = Release;
		};
/* End XCBuildConfiguration section */

/* Begin XCConfigurationList section */
		49D528D726F42D5500BD672A /* Build configuration list for PBXProject "Magic8Ball" */ = {
			isa = XCConfigurationList;
			buildConfigurations = (
				49D528FE26F42D5600BD672A /* Debug */,
				49D528FF26F42D5600BD672A /* Release */,
			);
			defaultConfigurationIsVisible = 0;
			defaultConfigurationName = Release;
		};
		49D5290026F42D5600BD672A /* Build configuration list for PBXNativeTarget "Magic8Ball" */ = {
			isa = XCConfigurationList;
			buildConfigurations = (
				49D5290126F42D5600BD672A /* Debug */,
				49D5290226F42D5600BD672A /* Release */,
			);
			defaultConfigurationIsVisible = 0;
			defaultConfigurationName = Release;
		};
		49D5290326F42D5600BD672A /* Build configuration list for PBXNativeTarget "Magic8BallTests" */ = {
			isa = XCConfigurationList;
			buildConfigurations = (
				49D5290426F42D5600BD672A /* Debug */,
				49D5290526F42D5600BD672A /* Release */,
			);
			defaultConfigurationIsVisible = 0;
			defaultConfigurationName = Release;
		};
		49D5290626F42D5600BD672A /* Build configuration list for PBXNativeTarget "Magic8BallUITests" */ = {
			isa = XCConfigurationList;
			buildConfigurations = (
				49D5290726F42D5600BD672A /* Debug */,
				49D5290826F42D5600BD672A /* Release */,
			);
			defaultConfigurationIsVisible = 0;
			defaultConfigurationName = Release;
		};
/* End XCConfigurationList section */
	};
	rootObject = 49D528D426F42D5500BD672A /* Project object */;
}
